
Microsoft Visual Studio Solution File, Format Version 12.00
# Visual Studio Version 17
VisualStudioVersion = 17.8.34322.80
MinimumVisualStudioVersion = 10.0.40219.1
Project("{FAE04EC0-301F-11D3-BF4B-00C04F79EFBC}") = "View", "View\View.csproj", "{B046A174-B3D0-457C-B292-FC45163AA82C}"
EndProject
Project("{FAE04EC0-301F-11D3-BF4B-00C04F79EFBC}") = "Model", "Model\Model.csproj", "{0C0EC85F-F744-4CD0-9907-281B6AC3351C}"
EndProject
Project("{FAE04EC0-301F-11D3-BF4B-00C04F79EFBC}") = "Connector", "Connector\Connector.csproj", "{C2636CD1-6E75-4F7A-880E-28B0412D7ECD}"
EndProject
Project("{FAE04EC0-301F-11D3-BF4B-00C04F79EFBC}") = "Tests", "Tests\Tests.csproj", "{89C46DBD-FE6B-43C5-9CBC-608119336088}"
EndProject
Project("{FAE04EC0-301F-11D3-BF4B-00C04F79EFBC}") = "StressTest", "StressTest\StressTest.csproj", "{5BC268A8-6385-4E89-8763-345D6F4A2EC5}"
EndProject
Global
	GlobalSection(SolutionConfigurationPlatforms) = preSolution
		Debug|Any CPU = Debug|Any CPU
		Release|Any CPU = Release|Any CPU
	EndGlobalSection
	GlobalSection(ProjectConfigurationPlatforms) = postSolution
		{B046A174-B3D0-457C-B292-FC45163AA82C}.Debug|Any CPU.ActiveCfg = Debug|Any CPU
		{B046A174-B3D0-457C-B292-FC45163AA82C}.Debug|Any CPU.Build.0 = Debug|Any CPU
		{B046A174-B3D0-457C-B292-FC45163AA82C}.Release|Any CPU.ActiveCfg = Release|Any CPU
		{B046A174-B3D0-457C-B292-FC45163AA82C}.Release|Any CPU.Build.0 = Release|Any CPU
		{0C0EC85F-F744-4CD0-9907-281B6AC3351C}.Debug|Any CPU.ActiveCfg = Debug|Any CPU
		{0C0EC85F-F744-4CD0-9907-281B6AC3351C}.Debug|Any CPU.Build.0 = Debug|Any CPU
		{0C0EC85F-F744-4CD0-9907-281B6AC3351C}.Release|Any CPU.ActiveCfg = Release|Any CPU
		{0C0EC85F-F744-4CD0-9907-281B6AC3351C}.Release|Any CPU.Build.0 = Release|Any CPU
		{C2636CD1-6E75-4F7A-880E-28B0412D7ECD}.Debug|Any CPU.ActiveCfg = Debug|Any CPU
		{C2636CD1-6E75-4F7A-880E-28B0412D7ECD}.Debug|Any CPU.Build.0 = Debug|Any CPU
		{C2636CD1-6E75-4F7A-880E-28B0412D7ECD}.Release|Any CPU.ActiveCfg = Release|Any CPU
		{C2636CD1-6E75-4F7A-880E-28B0412D7ECD}.Release|Any CPU.Build.0 = Release|Any CPU
		{89C46DBD-FE6B-43C5-9CBC-608119336088}.Debug|Any CPU.ActiveCfg = Debug|Any CPU
		{89C46DBD-FE6B-43C5-9CBC-608119336088}.Debug|Any CPU.Build.0 = Debug|Any CPU
		{89C46DBD-FE6B-43C5-9CBC-608119336088}.Release|Any CPU.ActiveCfg = Release|Any CPU
		{89C46DBD-FE6B-43C5-9CBC-608119336088}.Release|Any CPU.Build.0 = Release|Any CPU
		{5BC268A8-6385-4E89-8763-345D6F4A2EC5}.Debug|Any CPU.ActiveCfg = Debug|Any CPU
		{5BC268A8-6385-4E89-8763-345D6F4A2EC5}.Debug|Any CPU.Build.0 = Debug|Any CPU
		{5BC268A8-6385-4E89-8763-345D6F4A2EC5}.Release|Any CPU.ActiveCfg = Release|Any CPU
		{5BC268A8-6385-4E89-8763-345D6F4A2EC5}.Release|Any CPU.Build.0 = Release|Any CPU
	EndGlobalSection
	GlobalSection(SolutionProperties) = preSolution
		HideSolutionNode = FALSE
	EndGlobalSection
	GlobalSection(ExtensibilityGlobals) = postSolution
		SolutionGuid = {16EA9458-9A2F-43DB-9038-9266165D783E}
	EndGlobalSection
EndGlobal
